
Microsoft Visual Studio Solution File, Format Version 12.00
# Visual Studio Version 17
VisualStudioVersion = 17.0.31903.59
MinimumVisualStudioVersion = 10.0.40219.1
Project("{FAE04EC0-301F-11D3-BF4B-00C04F79EFBC}") = "ForumApp", "ForumApp\ForumApp.csproj", "{E4C714CD-3C8F-410F-8A64-D64466754C88}"
EndProject
Project("{FAE04EC0-301F-11D3-BF4B-00C04F79EFBC}") = "BL", "ForumApp.BL\BL.csproj", "{C6B44B46-040E-4F3C-B266-76083451749F}"
EndProject
Project("{FAE04EC0-301F-11D3-BF4B-00C04F79EFBC}") = "DAL", "ForumApp.DAL\DAL.csproj", "{DFF9E563-2348-4813-8CF4-02EA714D81AF}"
EndProject
Project("{FAE04EC0-301F-11D3-BF4B-00C04F79EFBC}") = "DTOs", "ForumApp.Models\DTOs.csproj", "{B0A6C781-3286-43D1-98B5-39FCB98F2064}"
EndProject
Project("{FAE04EC0-301F-11D3-BF4B-00C04F79EFBC}") = "Data", "ForumApp.Data\Data.csproj", "{BD50C500-74ED-CCAF-0BD7-49D4FFE5BB55}"
EndProject
Project("{2150E333-8FDC-42A3-9474-1A3956D46DE8}") = "Domain", "Domain", "{02EA681E-C7D8-13C7-8484-4AC65E1B71E8}"
EndProject
Project("{2150E333-8FDC-42A3-9474-1A3956D46DE8}") = "Presentation", "Presentation", "{8C03D69A-64A1-4553-8DAF-D4FC3AEF8505}"
EndProject
Global
	GlobalSection(SolutionConfigurationPlatforms) = preSolution
		Debug|Any CPU = Debug|Any CPU
		Debug|x64 = Debug|x64
		Debug|x86 = Debug|x86
		Release|Any CPU = Release|Any CPU
		Release|x64 = Release|x64
		Release|x86 = Release|x86
	EndGlobalSection
	GlobalSection(ProjectConfigurationPlatforms) = postSolution
		{E4C714CD-3C8F-410F-8A64-D64466754C88}.Debug|Any CPU.ActiveCfg = Debug|Any CPU
		{E4C714CD-3C8F-410F-8A64-D64466754C88}.Debug|Any CPU.Build.0 = Debug|Any CPU
		{E4C714CD-3C8F-410F-8A64-D64466754C88}.Debug|x64.ActiveCfg = Debug|Any CPU
		{E4C714CD-3C8F-410F-8A64-D64466754C88}.Debug|x64.Build.0 = Debug|Any CPU
		{E4C714CD-3C8F-410F-8A64-D64466754C88}.Debug|x86.ActiveCfg = Debug|Any CPU
		{E4C714CD-3C8F-410F-8A64-D64466754C88}.Debug|x86.Build.0 = Debug|Any CPU
		{E4C714CD-3C8F-410F-8A64-D64466754C88}.Release|Any CPU.ActiveCfg = Release|Any CPU
		{E4C714CD-3C8F-410F-8A64-D64466754C88}.Release|Any CPU.Build.0 = Release|Any CPU
		{E4C714CD-3C8F-410F-8A64-D64466754C88}.Release|x64.ActiveCfg = Release|Any CPU
		{E4C714CD-3C8F-410F-8A64-D64466754C88}.Release|x64.Build.0 = Release|Any CPU
		{E4C714CD-3C8F-410F-8A64-D64466754C88}.Release|x86.ActiveCfg = Release|Any CPU
		{E4C714CD-3C8F-410F-8A64-D64466754C88}.Release|x86.Build.0 = Release|Any CPU
		{C6B44B46-040E-4F3C-B266-76083451749F}.Debug|Any CPU.ActiveCfg = Debug|Any CPU
		{C6B44B46-040E-4F3C-B266-76083451749F}.Debug|Any CPU.Build.0 = Debug|Any CPU
		{C6B44B46-040E-4F3C-B266-76083451749F}.Debug|x64.ActiveCfg = Debug|Any CPU
		{C6B44B46-040E-4F3C-B266-76083451749F}.Debug|x64.Build.0 = Debug|Any CPU
		{C6B44B46-040E-4F3C-B266-76083451749F}.Debug|x86.ActiveCfg = Debug|Any CPU
		{C6B44B46-040E-4F3C-B266-76083451749F}.Debug|x86.Build.0 = Debug|Any CPU
		{C6B44B46-040E-4F3C-B266-76083451749F}.Release|Any CPU.ActiveCfg = Release|Any CPU
		{C6B44B46-040E-4F3C-B266-76083451749F}.Release|Any CPU.Build.0 = Release|Any CPU
		{C6B44B46-040E-4F3C-B266-76083451749F}.Release|x64.ActiveCfg = Release|Any CPU
		{C6B44B46-040E-4F3C-B266-76083451749F}.Release|x64.Build.0 = Release|Any CPU
		{C6B44B46-040E-4F3C-B266-76083451749F}.Release|x86.ActiveCfg = Release|Any CPU
		{C6B44B46-040E-4F3C-B266-76083451749F}.Release|x86.Build.0 = Release|Any CPU
		{DFF9E563-2348-4813-8CF4-02EA714D81AF}.Debug|Any CPU.ActiveCfg = Debug|Any CPU
		{DFF9E563-2348-4813-8CF4-02EA714D81AF}.Debug|Any CPU.Build.0 = Debug|Any CPU
		{DFF9E563-2348-4813-8CF4-02EA714D81AF}.Debug|x64.ActiveCfg = Debug|Any CPU
		{DFF9E563-2348-4813-8CF4-02EA714D81AF}.Debug|x64.Build.0 = Debug|Any CPU
		{DFF9E563-2348-4813-8CF4-02EA714D81AF}.Debug|x86.ActiveCfg = Debug|Any CPU
		{DFF9E563-2348-4813-8CF4-02EA714D81AF}.Debug|x86.Build.0 = Debug|Any CPU
		{DFF9E563-2348-4813-8CF4-02EA714D81AF}.Release|Any CPU.ActiveCfg = Release|Any CPU
		{DFF9E563-2348-4813-8CF4-02EA714D81AF}.Release|Any CPU.Build.0 = Release|Any CPU
		{DFF9E563-2348-4813-8CF4-02EA714D81AF}.Release|x64.ActiveCfg = Release|Any CPU
		{DFF9E563-2348-4813-8CF4-02EA714D81AF}.Release|x64.Build.0 = Release|Any CPU
		{DFF9E563-2348-4813-8CF4-02EA714D81AF}.Release|x86.ActiveCfg = Release|Any CPU
		{DFF9E563-2348-4813-8CF4-02EA714D81AF}.Release|x86.Build.0 = Release|Any CPU
		{B0A6C781-3286-43D1-98B5-39FCB98F2064}.Debug|Any CPU.ActiveCfg = Debug|Any CPU
		{B0A6C781-3286-43D1-98B5-39FCB98F2064}.Debug|Any CPU.Build.0 = Debug|Any CPU
		{B0A6C781-3286-43D1-98B5-39FCB98F2064}.Debug|x64.ActiveCfg = Debug|Any CPU
		{B0A6C781-3286-43D1-98B5-39FCB98F2064}.Debug|x64.Build.0 = Debug|Any CPU
		{B0A6C781-3286-43D1-98B5-39FCB98F2064}.Debug|x86.ActiveCfg = Debug|Any CPU
		{B0A6C781-3286-43D1-98B5-39FCB98F2064}.Debug|x86.Build.0 = Debug|Any CPU
		{B0A6C781-3286-43D1-98B5-39FCB98F2064}.Release|Any CPU.ActiveCfg = Release|Any CPU
		{B0A6C781-3286-43D1-98B5-39FCB98F2064}.Release|Any CPU.Build.0 = Release|Any CPU
		{B0A6C781-3286-43D1-98B5-39FCB98F2064}.Release|x64.ActiveCfg = Release|Any CPU
		{B0A6C781-3286-43D1-98B5-39FCB98F2064}.Release|x64.Build.0 = Release|Any CPU
		{B0A6C781-3286-43D1-98B5-39FCB98F2064}.Release|x86.ActiveCfg = Release|Any CPU
		{B0A6C781-3286-43D1-98B5-39FCB98F2064}.Release|x86.Build.0 = Release|Any CPU
		{BD50C500-74ED-CCAF-0BD7-49D4FFE5BB55}.Debug|Any CPU.ActiveCfg = Debug|Any CPU
		{BD50C500-74ED-CCAF-0BD7-49D4FFE5BB55}.Debug|Any CPU.Build.0 = Debug|Any CPU
		{BD50C500-74ED-CCAF-0BD7-49D4FFE5BB55}.Debug|x64.ActiveCfg = Debug|Any CPU
		{BD50C500-74ED-CCAF-0BD7-49D4FFE5BB55}.Debug|x64.Build.0 = Debug|Any CPU
		{BD50C500-74ED-CCAF-0BD7-49D4FFE5BB55}.Debug|x86.ActiveCfg = Debug|Any CPU
		{BD50C500-74ED-CCAF-0BD7-49D4FFE5BB55}.Debug|x86.Build.0 = Debug|Any CPU
		{BD50C500-74ED-CCAF-0BD7-49D4FFE5BB55}.Release|Any CPU.ActiveCfg = Release|Any CPU
		{BD50C500-74ED-CCAF-0BD7-49D4FFE5BB55}.Release|Any CPU.Build.0 = Release|Any CPU
		{BD50C500-74ED-CCAF-0BD7-49D4FFE5BB55}.Release|x64.ActiveCfg = Release|Any CPU
		{BD50C500-74ED-CCAF-0BD7-49D4FFE5BB55}.Release|x64.Build.0 = Release|Any CPU
		{BD50C500-74ED-CCAF-0BD7-49D4FFE5BB55}.Release|x86.ActiveCfg = Release|Any CPU
		{BD50C500-74ED-CCAF-0BD7-49D4FFE5BB55}.Release|x86.Build.0 = Release|Any CPU
	EndGlobalSection
	GlobalSection(SolutionProperties) = preSolution
		HideSolutionNode = FALSE
	EndGlobalSection
	GlobalSection(NestedProjects) = preSolution
		{E4C714CD-3C8F-410F-8A64-D64466754C88} = {8C03D69A-64A1-4553-8DAF-D4FC3AEF8505}
		{C6B44B46-040E-4F3C-B266-76083451749F} = {02EA681E-C7D8-13C7-8484-4AC65E1B71E8}
		{DFF9E563-2348-4813-8CF4-02EA714D81AF} = {02EA681E-C7D8-13C7-8484-4AC65E1B71E8}
		{B0A6C781-3286-43D1-98B5-39FCB98F2064} = {8C03D69A-64A1-4553-8DAF-D4FC3AEF8505}
		{BD50C500-74ED-CCAF-0BD7-49D4FFE5BB55} = {02EA681E-C7D8-13C7-8484-4AC65E1B71E8}
	EndGlobalSection
	GlobalSection(ExtensibilityGlobals) = postSolution
		SolutionGuid = {C6D415D7-7574-4BCB-9DB1-BFB7E676DF6A}
	EndGlobalSection
EndGlobal
